// !$*UTF8*$!
{
   archiveVersion = "1";
   objectVersion = "46";
   objects = {
      "BigInt::BigInt" = {
         isa = "PBXNativeTarget";
         buildConfigurationList = "OBJ_124";
         buildPhases = (
            "OBJ_127",
            "OBJ_150"
         );
         dependencies = (
         );
         name = "BigInt";
         productName = "BigInt";
         productReference = "BigInt::BigInt::Product";
         productType = "com.apple.product-type.framework";
      };
      "BigInt::BigInt::Product" = {
         isa = "PBXFileReference";
         path = "BigInt.framework";
         sourceTree = "BUILT_PRODUCTS_DIR";
      };
      "BigInt::SwiftPMPackageDescription" = {
         isa = "PBXNativeTarget";
         buildConfigurationList = "OBJ_152";
         buildPhases = (
            "OBJ_155"
         );
         dependencies = (
         );
         name = "BigIntPackageDescription";
         productName = "BigIntPackageDescription";
         productType = "com.apple.product-type.framework";
      };
      "OBJ_1" = {
         isa = "PBXProject";
         attributes = {
            LastSwiftMigration = "9999";
            LastUpgradeCheck = "9999";
         };
         buildConfigurationList = "OBJ_2";
         compatibilityVersion = "Xcode 3.2";
         developmentRegion = "en";
         hasScannedForEncodings = "0";
         knownRegions = (
            "en"
         );
         mainGroup = "OBJ_5";
         productRefGroup = "OBJ_115";
         projectDirPath = ".";
         targets = (
            "BigInt::BigInt",
            "BigInt::SwiftPMPackageDescription",
            "SwiftDBC::DocFixer",
            "PGDocFixer::PGDocFixer",
            "PGDocFixer::SwiftPMPackageDescription",
            "RingBuffer::RingBuffer",
            "RingBuffer::SwiftPMPackageDescription",
            "Rubicon::Rubicon",
            "Rubicon::SwiftPMPackageDescription",
            "SwiftDBC::SwiftDBC",
            "SwiftDBC::SwiftPMPackageDescription",
            "SwiftDBC::SwiftDBCPackageTests::ProductTarget",
            "SwiftDBC::SwiftDBCTests"
         );
      };
      "OBJ_10" = {
         isa = "PBXGroup";
         children = (
         );
         name = "MySQL";
         path = "Modules";
         sourceTree = "SOURCE_ROOT";
      };
      "OBJ_100" = {
         isa = "PBXGroup";
         children = (
            "OBJ_101",
            "OBJ_114"
         );
         name = "PGDocFixer 1.0.1";
         path = "";
         sourceTree = "SOURCE_ROOT";
      };
      "OBJ_101" = {
         isa = "PBXGroup";
         children = (
            "OBJ_102",
            "OBJ_103"
         );
         name = "PGDocFixer";
         path = ".build/checkouts/PGDocFixer/Sources/PGDocFixer";
         sourceTree = "SOURCE_ROOT";
      };
      "OBJ_102" = {
         isa = "PBXFileReference";
         path = "Launchers.swift";
         sourceTree = "<group>";
      };
      "OBJ_103" = {
         isa = "PBXGroup";
         children = (
            "OBJ_104",
            "OBJ_105",
            "OBJ_106",
            "OBJ_107",
            "OBJ_108",
            "OBJ_109",
            "OBJ_110",
            "OBJ_111",
            "OBJ_112",
            "OBJ_113"
         );
         name = "Source";
         path = "Source";
         sourceTree = "<group>";
      };
      "OBJ_104" = {
         isa = "PBXFileReference";
         path = "Alignment.swift";
         sourceTree = "<group>";
      };
      "OBJ_105" = {
         isa = "PBXFileReference";
         path = "DLItem.swift";
         sourceTree = "<group>";
      };
      "OBJ_106" = {
         isa = "PBXFileReference";
         path = "DocFixer.swift";
         sourceTree = "<group>";
      };
      "OBJ_107" = {
         isa = "PBXFileReference";
         path = "DocFixerErrors.swift";
         sourceTree = "<group>";
      };
      "OBJ_108" = {
         isa = "PBXFileReference";
         path = "Extensions.swift";
         sourceTree = "<group>";
      };
      "OBJ_109" = {
         isa = "PBXFileReference";
         path = "RegexRepl.swift";
         sourceTree = "<group>";
      };
      "OBJ_11" = {
         isa = "PBXGroup";
         children = (
            "OBJ_12",
            "OBJ_13",
            "OBJ_15",
            "OBJ_24"
         );
         name = "SwiftDBC";
         path = "Sources/SwiftDBC";
         sourceTree = "SOURCE_ROOT";
      };
      "OBJ_110" = {
         isa = "PBXFileReference";
         path = "Stuff.swift";
         sourceTree = "<group>";
      };
      "OBJ_111" = {
         isa = "PBXFileReference";
         path = "SwiftSourceDocument.swift";
         sourceTree = "<group>";
      };
      "OBJ_112" = {
         isa = "PBXFileReference";
         path = "WordWrap.swift";
         sourceTree = "<group>";
      };
      "OBJ_113" = {
         isa = "PBXFileReference";
         path = "html.swift";
         sourceTree = "<group>";
      };
      "OBJ_114" = {
         isa = "PBXFileReference";
         explicitFileType = "sourcecode.swift";
         name = "Package.swift";
         path = "/Users/grhodes/Projects/2020/SwiftProjects/SwiftDBC/.build/checkouts/PGDocFixer/Package.swift";
         sourceTree = "<group>";
      };
      "OBJ_115" = {
         isa = "PBXGroup";
         children = (
            "SwiftDBC::SwiftDBCTests::Product",
            "Rubicon::Rubicon::Product",
            "SwiftDBC::SwiftDBC::Product",
            "RingBuffer::RingBuffer::Product",
            "SwiftDBC::DocFixer::Product",
            "PGDocFixer::PGDocFixer::Product",
            "BigInt::BigInt::Product"
         );
         name = "Products";
         path = "";
         sourceTree = "BUILT_PRODUCTS_DIR";
      };
      "OBJ_12" = {
         isa = "PBXFileReference";
         path = "DBDriverManager.swift";
         sourceTree = "<group>";
      };
      "OBJ_124" = {
         isa = "XCConfigurationList";
         buildConfigurations = (
            "OBJ_125",
            "OBJ_126"
         );
         defaultConfigurationIsVisible = "0";
         defaultConfigurationName = "Release";
      };
      "OBJ_125" = {
         isa = "XCBuildConfiguration";
         buildSettings = {
            ENABLE_TESTABILITY = "YES";
            FRAMEWORK_SEARCH_PATHS = (
               "$(inherited)",
               "$(PLATFORM_DIR)/Developer/Library/Frameworks"
            );
            HEADER_SEARCH_PATHS = (
               "$(inherited)"
            );
            INFOPLIST_FILE = "SwiftDBC.xcodeproj/BigInt_Info.plist";
            IPHONEOS_DEPLOYMENT_TARGET = "8.0";
            LD_RUNPATH_SEARCH_PATHS = (
               "$(inherited)",
               "$(TOOLCHAIN_DIR)/usr/lib/swift/macosx"
            );
            MACOSX_DEPLOYMENT_TARGET = "10.10";
            OTHER_CFLAGS = (
               "$(inherited)"
            );
            OTHER_LDFLAGS = (
               "$(inherited)"
            );
            OTHER_SWIFT_FLAGS = (
               "$(inherited)"
            );
            PRODUCT_BUNDLE_IDENTIFIER = "BigInt";
            PRODUCT_MODULE_NAME = "$(TARGET_NAME:c99extidentifier)";
            PRODUCT_NAME = "$(TARGET_NAME:c99extidentifier)";
            SKIP_INSTALL = "YES";
            SWIFT_ACTIVE_COMPILATION_CONDITIONS = (
               "$(inherited)"
            );
            SWIFT_VERSION = "5.0";
            TARGET_NAME = "BigInt";
            TVOS_DEPLOYMENT_TARGET = "9.0";
            WATCHOS_DEPLOYMENT_TARGET = "2.0";
         };
         name = "Debug";
      };
      "OBJ_126" = {
         isa = "XCBuildConfiguration";
         buildSettings = {
            ENABLE_TESTABILITY = "YES";
            FRAMEWORK_SEARCH_PATHS = (
               "$(inherited)",
               "$(PLATFORM_DIR)/Developer/Library/Frameworks"
            );
            HEADER_SEARCH_PATHS = (
               "$(inherited)"
            );
            INFOPLIST_FILE = "SwiftDBC.xcodeproj/BigInt_Info.plist";
            IPHONEOS_DEPLOYMENT_TARGET = "8.0";
            LD_RUNPATH_SEARCH_PATHS = (
               "$(inherited)",
               "$(TOOLCHAIN_DIR)/usr/lib/swift/macosx"
            );
            MACOSX_DEPLOYMENT_TARGET = "10.10";
            OTHER_CFLAGS = (
               "$(inherited)"
            );
            OTHER_LDFLAGS = (
               "$(inherited)"
            );
            OTHER_SWIFT_FLAGS = (
               "$(inherited)"
            );
            PRODUCT_BUNDLE_IDENTIFIER = "BigInt";
            PRODUCT_MODULE_NAME = "$(TARGET_NAME:c99extidentifier)";
            PRODUCT_NAME = "$(TARGET_NAME:c99extidentifier)";
            SKIP_INSTALL = "YES";
            SWIFT_ACTIVE_COMPILATION_CONDITIONS = (
               "$(inherited)"
            );
            SWIFT_VERSION = "5.0";
            TARGET_NAME = "BigInt";
            TVOS_DEPLOYMENT_TARGET = "9.0";
            WATCHOS_DEPLOYMENT_TARGET = "2.0";
         };
         name = "Release";
      };
      "OBJ_127" = {
         isa = "PBXSourcesBuildPhase";
         files = (
            "OBJ_128",
            "OBJ_129",
            "OBJ_130",
            "OBJ_131",
            "OBJ_132",
            "OBJ_133",
            "OBJ_134",
            "OBJ_135",
            "OBJ_136",
            "OBJ_137",
            "OBJ_138",
            "OBJ_139",
            "OBJ_140",
            "OBJ_141",
            "OBJ_142",
            "OBJ_143",
            "OBJ_144",
            "OBJ_145",
            "OBJ_146",
            "OBJ_147",
            "OBJ_148",
            "OBJ_149"
         );
      };
      "OBJ_128" = {
         isa = "PBXBuildFile";
         fileRef = "OBJ_40";
      };
      "OBJ_129" = {
         isa = "PBXBuildFile";
         fileRef = "OBJ_41";
      };
      "OBJ_13" = {
         isa = "PBXGroup";
         children = (
            "OBJ_14"
         );
         name = "Misc";
         path = "Misc";
         sourceTree = "<group>";
      };
      "OBJ_130" = {
         isa = "PBXBuildFile";
         fileRef = "OBJ_42";
      };
      "OBJ_131" = {
         isa = "PBXBuildFile";
         fileRef = "OBJ_43";
      };
      "OBJ_132" = {
         isa = "PBXBuildFile";
         fileRef = "OBJ_44";
      };
      "OBJ_133" = {
         isa = "PBXBuildFile";
         fileRef = "OBJ_45";
      };
      "OBJ_134" = {
         isa = "PBXBuildFile";
         fileRef = "OBJ_46";
      };
      "OBJ_135" = {
         isa = "PBXBuildFile";
         fileRef = "OBJ_47";
      };
      "OBJ_136" = {
         isa = "PBXBuildFile";
         fileRef = "OBJ_48";
      };
      "OBJ_137" = {
         isa = "PBXBuildFile";
         fileRef = "OBJ_49";
      };
      "OBJ_138" = {
         isa = "PBXBuildFile";
         fileRef = "OBJ_50";
      };
      "OBJ_139" = {
         isa = "PBXBuildFile";
         fileRef = "OBJ_51";
      };
      "OBJ_14" = {
         isa = "PBXFileReference";
         path = "DBTools.swift";
         sourceTree = "<group>";
      };
      "OBJ_140" = {
         isa = "PBXBuildFile";
         fileRef = "OBJ_52";
      };
      "OBJ_141" = {
         isa = "PBXBuildFile";
         fileRef = "OBJ_53";
      };
      "OBJ_142" = {
         isa = "PBXBuildFile";
         fileRef = "OBJ_54";
      };
      "OBJ_143" = {
         isa = "PBXBuildFile";
         fileRef = "OBJ_55";
      };
      "OBJ_144" = {
         isa = "PBXBuildFile";
         fileRef = "OBJ_56";
      };
      "OBJ_145" = {
         isa = "PBXBuildFile";
         fileRef = "OBJ_57";
      };
      "OBJ_146" = {
         isa = "PBXBuildFile";
         fileRef = "OBJ_58";
      };
      "OBJ_147" = {
         isa = "PBXBuildFile";
         fileRef = "OBJ_59";
      };
      "OBJ_148" = {
         isa = "PBXBuildFile";
         fileRef = "OBJ_60";
      };
      "OBJ_149" = {
         isa = "PBXBuildFile";
         fileRef = "OBJ_61";
      };
      "OBJ_15" = {
         isa = "PBXGroup";
         children = (
            "OBJ_16",
            "OBJ_17",
            "OBJ_18",
            "OBJ_19",
            "OBJ_20",
            "OBJ_21",
            "OBJ_22",
            "OBJ_23"
         );
         name = "MySQL";
         path = "MySQL";
         sourceTree = "<group>";
      };
      "OBJ_150" = {
         isa = "PBXFrameworksBuildPhase";
         files = (
         );
      };
      "OBJ_152" = {
         isa = "XCConfigurationList";
         buildConfigurations = (
            "OBJ_153",
            "OBJ_154"
         );
         defaultConfigurationIsVisible = "0";
         defaultConfigurationName = "Release";
      };
      "OBJ_153" = {
         isa = "XCBuildConfiguration";
         buildSettings = {
            LD = "/usr/bin/true";
            OTHER_SWIFT_FLAGS = (
               "-swift-version",
               "5",
               "-I",
               "$(TOOLCHAIN_DIR)/usr/lib/swift/pm/4_2",
               "-target",
               "x86_64-apple-macosx10.10",
               "-sdk",
               "/Applications/Xcode.app/Contents/Developer/Platforms/MacOSX.platform/Developer/SDKs/MacOSX10.15.sdk",
               "-package-description-version",
               "5.0.0"
            );
            SWIFT_VERSION = "5.0";
         };
         name = "Debug";
      };
      "OBJ_154" = {
         isa = "XCBuildConfiguration";
         buildSettings = {
            LD = "/usr/bin/true";
            OTHER_SWIFT_FLAGS = (
               "-swift-version",
               "5",
               "-I",
               "$(TOOLCHAIN_DIR)/usr/lib/swift/pm/4_2",
               "-target",
               "x86_64-apple-macosx10.10",
               "-sdk",
               "/Applications/Xcode.app/Contents/Developer/Platforms/MacOSX.platform/Developer/SDKs/MacOSX10.15.sdk",
               "-package-description-version",
               "5.0.0"
            );
            SWIFT_VERSION = "5.0";
         };
         name = "Release";
      };
      "OBJ_155" = {
         isa = "PBXSourcesBuildPhase";
         files = (
            "OBJ_156"
         );
      };
      "OBJ_156" = {
         isa = "PBXBuildFile";
         fileRef = "OBJ_39";
      };
      "OBJ_158" = {
         isa = "XCConfigurationList";
         buildConfigurations = (
            "OBJ_159",
            "OBJ_160"
         );
         defaultConfigurationIsVisible = "0";
         defaultConfigurationName = "Release";
      };
      "OBJ_159" = {
         isa = "XCBuildConfiguration";
         buildSettings = {
            FRAMEWORK_SEARCH_PATHS = (
               "$(inherited)",
               "$(PLATFORM_DIR)/Developer/Library/Frameworks"
            );
            HEADER_SEARCH_PATHS = (
               "$(inherited)"
            );
            INFOPLIST_FILE = "SwiftDBC.xcodeproj/DocFixer_Info.plist";
            IPHONEOS_DEPLOYMENT_TARGET = "8.0";
            LD_RUNPATH_SEARCH_PATHS = (
               "$(inherited)",
               "$(TOOLCHAIN_DIR)/usr/lib/swift/macosx",
               "@executable_path"
            );
            MACOSX_DEPLOYMENT_TARGET = "10.15";
            OTHER_CFLAGS = (
               "$(inherited)"
            );
            OTHER_LDFLAGS = (
               "$(inherited)"
            );
            OTHER_SWIFT_FLAGS = (
               "$(inherited)"
            );
            SWIFT_ACTIVE_COMPILATION_CONDITIONS = (
               "$(inherited)"
            );
            SWIFT_FORCE_DYNAMIC_LINK_STDLIB = "YES";
            SWIFT_FORCE_STATIC_LINK_STDLIB = "NO";
            SWIFT_VERSION = "5.2";
            TARGET_NAME = "DocFixer";
            TVOS_DEPLOYMENT_TARGET = "13.0";
            WATCHOS_DEPLOYMENT_TARGET = "2.0";
         };
         name = "Debug";
      };
      "OBJ_16" = {
         isa = "PBXFileReference";
         path = "MySQLColumn.swift";
         sourceTree = "<group>";
      };
      "OBJ_160" = {
         isa = "XCBuildConfiguration";
         buildSettings = {
            FRAMEWORK_SEARCH_PATHS = (
               "$(inherited)",
               "$(PLATFORM_DIR)/Developer/Library/Frameworks"
            );
            HEADER_SEARCH_PATHS = (
               "$(inherited)"
            );
            INFOPLIST_FILE = "SwiftDBC.xcodeproj/DocFixer_Info.plist";
            IPHONEOS_DEPLOYMENT_TARGET = "8.0";
            LD_RUNPATH_SEARCH_PATHS = (
               "$(inherited)",
               "$(TOOLCHAIN_DIR)/usr/lib/swift/macosx",
               "@executable_path"
            );
            MACOSX_DEPLOYMENT_TARGET = "10.15";
            OTHER_CFLAGS = (
               "$(inherited)"
            );
            OTHER_LDFLAGS = (
               "$(inherited)"
            );
            OTHER_SWIFT_FLAGS = (
               "$(inherited)"
            );
            SWIFT_ACTIVE_COMPILATION_CONDITIONS = (
               "$(inherited)"
            );
            SWIFT_FORCE_DYNAMIC_LINK_STDLIB = "YES";
            SWIFT_FORCE_STATIC_LINK_STDLIB = "NO";
            SWIFT_VERSION = "5.2";
            TARGET_NAME = "DocFixer";
            TVOS_DEPLOYMENT_TARGET = "13.0";
            WATCHOS_DEPLOYMENT_TARGET = "2.0";
         };
         name = "Release";
      };
      "OBJ_161" = {
         isa = "PBXSourcesBuildPhase";
         files = (
            "OBJ_162"
         );
      };
      "OBJ_162" = {
         isa = "PBXBuildFile";
         fileRef = "OBJ_9";
      };
      "OBJ_163" = {
         isa = "PBXFrameworksBuildPhase";
         files = (
            "OBJ_164"
         );
      };
      "OBJ_164" = {
         isa = "PBXBuildFile";
         fileRef = "PGDocFixer::PGDocFixer::Product";
      };
      "OBJ_165" = {
         isa = "PBXTargetDependency";
         target = "PGDocFixer::PGDocFixer";
      };
      "OBJ_167" = {
         isa = "XCConfigurationList";
         buildConfigurations = (
            "OBJ_168",
            "OBJ_169"
         );
         defaultConfigurationIsVisible = "0";
         defaultConfigurationName = "Release";
      };
      "OBJ_168" = {
         isa = "XCBuildConfiguration";
         buildSettings = {
            ENABLE_TESTABILITY = "YES";
            FRAMEWORK_SEARCH_PATHS = (
               "$(inherited)",
               "$(PLATFORM_DIR)/Developer/Library/Frameworks"
            );
            HEADER_SEARCH_PATHS = (
               "$(inherited)"
            );
            INFOPLIST_FILE = "SwiftDBC.xcodeproj/PGDocFixer_Info.plist";
            IPHONEOS_DEPLOYMENT_TARGET = "8.0";
            LD_RUNPATH_SEARCH_PATHS = (
               "$(inherited)",
               "$(TOOLCHAIN_DIR)/usr/lib/swift/macosx"
            );
            MACOSX_DEPLOYMENT_TARGET = "10.15";
            OTHER_CFLAGS = (
               "$(inherited)"
            );
            OTHER_LDFLAGS = (
               "$(inherited)"
            );
            OTHER_SWIFT_FLAGS = (
               "$(inherited)"
            );
            PRODUCT_BUNDLE_IDENTIFIER = "PGDocFixer";
            PRODUCT_MODULE_NAME = "$(TARGET_NAME:c99extidentifier)";
            PRODUCT_NAME = "$(TARGET_NAME:c99extidentifier)";
            SKIP_INSTALL = "YES";
            SWIFT_ACTIVE_COMPILATION_CONDITIONS = (
               "$(inherited)"
            );
            SWIFT_VERSION = "5.0";
            TARGET_NAME = "PGDocFixer";
            TVOS_DEPLOYMENT_TARGET = "9.0";
            WATCHOS_DEPLOYMENT_TARGET = "2.0";
         };
         name = "Debug";
      };
      "OBJ_169" = {
         isa = "XCBuildConfiguration";
         buildSettings = {
            ENABLE_TESTABILITY = "YES";
            FRAMEWORK_SEARCH_PATHS = (
               "$(inherited)",
               "$(PLATFORM_DIR)/Developer/Library/Frameworks"
            );
            HEADER_SEARCH_PATHS = (
               "$(inherited)"
            );
            INFOPLIST_FILE = "SwiftDBC.xcodeproj/PGDocFixer_Info.plist";
            IPHONEOS_DEPLOYMENT_TARGET = "8.0";
            LD_RUNPATH_SEARCH_PATHS = (
               "$(inherited)",
               "$(TOOLCHAIN_DIR)/usr/lib/swift/macosx"
            );
            MACOSX_DEPLOYMENT_TARGET = "10.15";
            OTHER_CFLAGS = (
               "$(inherited)"
            );
            OTHER_LDFLAGS = (
               "$(inherited)"
            );
            OTHER_SWIFT_FLAGS = (
               "$(inherited)"
            );
            PRODUCT_BUNDLE_IDENTIFIER = "PGDocFixer";
            PRODUCT_MODULE_NAME = "$(TARGET_NAME:c99extidentifier)";
            PRODUCT_NAME = "$(TARGET_NAME:c99extidentifier)";
            SKIP_INSTALL = "YES";
            SWIFT_ACTIVE_COMPILATION_CONDITIONS = (
               "$(inherited)"
            );
            SWIFT_VERSION = "5.0";
            TARGET_NAME = "PGDocFixer";
            TVOS_DEPLOYMENT_TARGET = "9.0";
            WATCHOS_DEPLOYMENT_TARGET = "2.0";
         };
         name = "Release";
      };
      "OBJ_17" = {
         isa = "PBXFileReference";
         path = "MySQLConnection.swift";
         sourceTree = "<group>";
      };
      "OBJ_170" = {
         isa = "PBXSourcesBuildPhase";
         files = (
            "OBJ_171",
            "OBJ_172",
            "OBJ_173",
            "OBJ_174",
            "OBJ_175",
            "OBJ_176",
            "OBJ_177",
            "OBJ_178",
            "OBJ_179",
            "OBJ_180",
            "OBJ_181"
         );
      };
      "OBJ_171" = {
         isa = "PBXBuildFile";
         fileRef = "OBJ_102";
      };
      "OBJ_172" = {
         isa = "PBXBuildFile";
         fileRef = "OBJ_104";
      };
      "OBJ_173" = {
         isa = "PBXBuildFile";
         fileRef = "OBJ_105";
      };
      "OBJ_174" = {
         isa = "PBXBuildFile";
         fileRef = "OBJ_106";
      };
      "OBJ_175" = {
         isa = "PBXBuildFile";
         fileRef = "OBJ_107";
      };
      "OBJ_176" = {
         isa = "PBXBuildFile";
         fileRef = "OBJ_108";
      };
      "OBJ_177" = {
         isa = "PBXBuildFile";
         fileRef = "OBJ_109";
      };
      "OBJ_178" = {
         isa = "PBXBuildFile";
         fileRef = "OBJ_110";
      };
      "OBJ_179" = {
         isa = "PBXBuildFile";
         fileRef = "OBJ_111";
      };
      "OBJ_18" = {
         isa = "PBXFileReference";
         path = "MySQLDriver.swift";
         sourceTree = "<group>";
      };
      "OBJ_180" = {
         isa = "PBXBuildFile";
         fileRef = "OBJ_112";
      };
      "OBJ_181" = {
         isa = "PBXBuildFile";
         fileRef = "OBJ_113";
      };
      "OBJ_182" = {
         isa = "PBXFrameworksBuildPhase";
         files = (
         );
      };
      "OBJ_184" = {
         isa = "XCConfigurationList";
         buildConfigurations = (
            "OBJ_185",
            "OBJ_186"
         );
         defaultConfigurationIsVisible = "0";
         defaultConfigurationName = "Release";
      };
      "OBJ_185" = {
         isa = "XCBuildConfiguration";
         buildSettings = {
            LD = "/usr/bin/true";
            OTHER_SWIFT_FLAGS = (
               "-swift-version",
               "5",
               "-I",
               "$(TOOLCHAIN_DIR)/usr/lib/swift/pm/4_2",
               "-target",
               "x86_64-apple-macosx10.10",
               "-sdk",
               "/Applications/Xcode.app/Contents/Developer/Platforms/MacOSX.platform/Developer/SDKs/MacOSX10.15.sdk",
               "-package-description-version",
               "5.2.0"
            );
            SWIFT_VERSION = "5.0";
         };
         name = "Debug";
      };
      "OBJ_186" = {
         isa = "XCBuildConfiguration";
         buildSettings = {
            LD = "/usr/bin/true";
            OTHER_SWIFT_FLAGS = (
               "-swift-version",
               "5",
               "-I",
               "$(TOOLCHAIN_DIR)/usr/lib/swift/pm/4_2",
               "-target",
               "x86_64-apple-macosx10.10",
               "-sdk",
               "/Applications/Xcode.app/Contents/Developer/Platforms/MacOSX.platform/Developer/SDKs/MacOSX10.15.sdk",
               "-package-description-version",
               "5.2.0"
            );
            SWIFT_VERSION = "5.0";
         };
         name = "Release";
      };
      "OBJ_187" = {
         isa = "PBXSourcesBuildPhase";
         files = (
            "OBJ_188"
         );
      };
      "OBJ_188" = {
         isa = "PBXBuildFile";
         fileRef = "OBJ_114";
      };
      "OBJ_19" = {
         isa = "PBXFileReference";
         path = "MySQLResultSet.swift";
         sourceTree = "<group>";
      };
      "OBJ_190" = {
         isa = "XCConfigurationList";
         buildConfigurations = (
            "OBJ_191",
            "OBJ_192"
         );
         defaultConfigurationIsVisible = "0";
         defaultConfigurationName = "Release";
      };
      "OBJ_191" = {
         isa = "XCBuildConfiguration";
         buildSettings = {
            DEFINES_MODULE = "NO";
            ENABLE_TESTABILITY = "YES";
            FRAMEWORK_SEARCH_PATHS = (
               "$(inherited)",
               "$(PLATFORM_DIR)/Developer/Library/Frameworks"
            );
            HEADER_SEARCH_PATHS = (
               "$(inherited)",
               "$(SRCROOT)/.build/checkouts/RingBuffer/Sources/RingBuffer"
            );
            INFOPLIST_FILE = "SwiftDBC.xcodeproj/RingBuffer_Info.plist";
            IPHONEOS_DEPLOYMENT_TARGET = "8.0";
            LD_RUNPATH_SEARCH_PATHS = (
               "$(inherited)",
               "$(TOOLCHAIN_DIR)/usr/lib/swift/macosx"
            );
            MACOSX_DEPLOYMENT_TARGET = "10.10";
            OTHER_CFLAGS = (
               "$(inherited)"
            );
            OTHER_LDFLAGS = (
               "$(inherited)"
            );
            OTHER_SWIFT_FLAGS = (
               "$(inherited)"
            );
            PRODUCT_BUNDLE_IDENTIFIER = "RingBuffer";
            PRODUCT_MODULE_NAME = "$(TARGET_NAME:c99extidentifier)";
            PRODUCT_NAME = "$(TARGET_NAME:c99extidentifier)";
            SKIP_INSTALL = "YES";
            SWIFT_ACTIVE_COMPILATION_CONDITIONS = (
               "$(inherited)"
            );
            TARGET_NAME = "RingBuffer";
            TVOS_DEPLOYMENT_TARGET = "9.0";
            WATCHOS_DEPLOYMENT_TARGET = "2.0";
         };
         name = "Debug";
      };
      "OBJ_192" = {
         isa = "XCBuildConfiguration";
         buildSettings = {
            DEFINES_MODULE = "NO";
            ENABLE_TESTABILITY = "YES";
            FRAMEWORK_SEARCH_PATHS = (
               "$(inherited)",
               "$(PLATFORM_DIR)/Developer/Library/Frameworks"
            );
            HEADER_SEARCH_PATHS = (
               "$(inherited)",
               "$(SRCROOT)/.build/checkouts/RingBuffer/Sources/RingBuffer"
            );
            INFOPLIST_FILE = "SwiftDBC.xcodeproj/RingBuffer_Info.plist";
            IPHONEOS_DEPLOYMENT_TARGET = "8.0";
            LD_RUNPATH_SEARCH_PATHS = (
               "$(inherited)",
               "$(TOOLCHAIN_DIR)/usr/lib/swift/macosx"
            );
            MACOSX_DEPLOYMENT_TARGET = "10.10";
            OTHER_CFLAGS = (
               "$(inherited)"
            );
            OTHER_LDFLAGS = (
               "$(inherited)"
            );
            OTHER_SWIFT_FLAGS = (
               "$(inherited)"
            );
            PRODUCT_BUNDLE_IDENTIFIER = "RingBuffer";
            PRODUCT_MODULE_NAME = "$(TARGET_NAME:c99extidentifier)";
            PRODUCT_NAME = "$(TARGET_NAME:c99extidentifier)";
            SKIP_INSTALL = "YES";
            SWIFT_ACTIVE_COMPILATION_CONDITIONS = (
               "$(inherited)"
            );
            TARGET_NAME = "RingBuffer";
            TVOS_DEPLOYMENT_TARGET = "9.0";
            WATCHOS_DEPLOYMENT_TARGET = "2.0";
         };
         name = "Release";
      };
      "OBJ_193" = {
         isa = "PBXSourcesBuildPhase";
         files = (
            "OBJ_194"
         );
      };
      "OBJ_194" = {
         isa = "PBXBuildFile";
         fileRef = "OBJ_96";
      };
      "OBJ_195" = {
         isa = "PBXFrameworksBuildPhase";
         files = (
         );
      };
      "OBJ_197" = {
         isa = "XCConfigurationList";
         buildConfigurations = (
            "OBJ_198",
            "OBJ_199"
         );
         defaultConfigurationIsVisible = "0";
         defaultConfigurationName = "Release";
      };
      "OBJ_198" = {
         isa = "XCBuildConfiguration";
         buildSettings = {
            LD = "/usr/bin/true";
            OTHER_SWIFT_FLAGS = (
               "-swift-version",
               "5",
               "-I",
               "$(TOOLCHAIN_DIR)/usr/lib/swift/pm/4_2",
               "-target",
               "x86_64-apple-macosx10.10",
               "-sdk",
               "/Applications/Xcode.app/Contents/Developer/Platforms/MacOSX.platform/Developer/SDKs/MacOSX10.15.sdk",
               "-package-description-version",
               "5.2.0"
            );
            SWIFT_VERSION = "5.0";
         };
         name = "Debug";
      };
      "OBJ_199" = {
         isa = "XCBuildConfiguration";
         buildSettings = {
            LD = "/usr/bin/true";
            OTHER_SWIFT_FLAGS = (
               "-swift-version",
               "5",
               "-I",
               "$(TOOLCHAIN_DIR)/usr/lib/swift/pm/4_2",
               "-target",
               "x86_64-apple-macosx10.10",
               "-sdk",
               "/Applications/Xcode.app/Contents/Developer/Platforms/MacOSX.platform/Developer/SDKs/MacOSX10.15.sdk",
               "-package-description-version",
               "5.2.0"
            );
            SWIFT_VERSION = "5.0";
         };
         name = "Release";
      };
      "OBJ_2" = {
         isa = "XCConfigurationList";
         buildConfigurations = (
            "OBJ_3",
            "OBJ_4"
         );
         defaultConfigurationIsVisible = "0";
         defaultConfigurationName = "Release";
      };
      "OBJ_20" = {
         isa = "PBXFileReference";
         path = "MySQLResultSetMetaData.swift";
         sourceTree = "<group>";
      };
      "OBJ_200" = {
         isa = "PBXSourcesBuildPhase";
         files = (
            "OBJ_201"
         );
      };
      "OBJ_201" = {
         isa = "PBXBuildFile";
         fileRef = "OBJ_99";
      };
      "OBJ_203" = {
         isa = "XCConfigurationList";
         buildConfigurations = (
            "OBJ_204",
            "OBJ_205"
         );
         defaultConfigurationIsVisible = "0";
         defaultConfigurationName = "Release";
      };
      "OBJ_204" = {
         isa = "XCBuildConfiguration";
         buildSettings = {
            ENABLE_TESTABILITY = "YES";
            FRAMEWORK_SEARCH_PATHS = (
               "$(inherited)",
               "$(PLATFORM_DIR)/Developer/Library/Frameworks"
            );
            HEADER_SEARCH_PATHS = (
               "$(inherited)",
               "$(SRCROOT)/.build/checkouts/RingBuffer/Sources/RingBuffer",
               "$(SRCROOT)/SwiftDBC.xcodeproj/GeneratedModuleMap/RingBuffer"
            );
            INFOPLIST_FILE = "SwiftDBC.xcodeproj/Rubicon_Info.plist";
            IPHONEOS_DEPLOYMENT_TARGET = "8.0";
            LD_RUNPATH_SEARCH_PATHS = (
               "$(inherited)",
               "$(TOOLCHAIN_DIR)/usr/lib/swift/macosx"
            );
            MACOSX_DEPLOYMENT_TARGET = "10.15";
            OTHER_CFLAGS = (
               "$(inherited)"
            );
            OTHER_LDFLAGS = (
               "$(inherited)"
            );
            OTHER_SWIFT_FLAGS = (
               "$(inherited)",
               "-Xcc",
               "-fmodule-map-file=$(SRCROOT)/SwiftDBC.xcodeproj/GeneratedModuleMap/RingBuffer/module.modulemap"
            );
            PRODUCT_BUNDLE_IDENTIFIER = "Rubicon";
            PRODUCT_MODULE_NAME = "$(TARGET_NAME:c99extidentifier)";
            PRODUCT_NAME = "$(TARGET_NAME:c99extidentifier)";
            SKIP_INSTALL = "YES";
            SWIFT_ACTIVE_COMPILATION_CONDITIONS = (
               "$(inherited)"
            );
            SWIFT_VERSION = "5.0";
            TARGET_NAME = "Rubicon";
            TVOS_DEPLOYMENT_TARGET = "9.0";
            WATCHOS_DEPLOYMENT_TARGET = "2.0";
         };
         name = "Debug";
      };
      "OBJ_205" = {
         isa = "XCBuildConfiguration";
         buildSettings = {
            ENABLE_TESTABILITY = "YES";
            FRAMEWORK_SEARCH_PATHS = (
               "$(inherited)",
               "$(PLATFORM_DIR)/Developer/Library/Frameworks"
            );
            HEADER_SEARCH_PATHS = (
               "$(inherited)",
               "$(SRCROOT)/.build/checkouts/RingBuffer/Sources/RingBuffer",
               "$(SRCROOT)/SwiftDBC.xcodeproj/GeneratedModuleMap/RingBuffer"
            );
            INFOPLIST_FILE = "SwiftDBC.xcodeproj/Rubicon_Info.plist";
            IPHONEOS_DEPLOYMENT_TARGET = "8.0";
            LD_RUNPATH_SEARCH_PATHS = (
               "$(inherited)",
               "$(TOOLCHAIN_DIR)/usr/lib/swift/macosx"
            );
            MACOSX_DEPLOYMENT_TARGET = "10.15";
            OTHER_CFLAGS = (
               "$(inherited)"
            );
            OTHER_LDFLAGS = (
               "$(inherited)"
            );
            OTHER_SWIFT_FLAGS = (
               "$(inherited)",
               "-Xcc",
               "-fmodule-map-file=$(SRCROOT)/SwiftDBC.xcodeproj/GeneratedModuleMap/RingBuffer/module.modulemap"
            );
            PRODUCT_BUNDLE_IDENTIFIER = "Rubicon";
            PRODUCT_MODULE_NAME = "$(TARGET_NAME:c99extidentifier)";
            PRODUCT_NAME = "$(TARGET_NAME:c99extidentifier)";
            SKIP_INSTALL = "YES";
            SWIFT_ACTIVE_COMPILATION_CONDITIONS = (
               "$(inherited)"
            );
            SWIFT_VERSION = "5.0";
            TARGET_NAME = "Rubicon";
            TVOS_DEPLOYMENT_TARGET = "9.0";
            WATCHOS_DEPLOYMENT_TARGET = "2.0";
         };
         name = "Release";
      };
      "OBJ_206" = {
         isa = "PBXSourcesBuildPhase";
         files = (
            "OBJ_207",
            "OBJ_208",
            "OBJ_209",
            "OBJ_210",
            "OBJ_211",
            "OBJ_212",
            "OBJ_213",
            "OBJ_214",
            "OBJ_215",
            "OBJ_216",
            "OBJ_217",
            "OBJ_218",
            "OBJ_219",
            "OBJ_220",
            "OBJ_221",
            "OBJ_222",
            "OBJ_223",
            "OBJ_224",
            "OBJ_225",
            "OBJ_226",
            "OBJ_227",
            "OBJ_228",
            "OBJ_229"
         );
      };
      "OBJ_207" = {
         isa = "PBXBuildFile";
         fileRef = "OBJ_65";
      };
      "OBJ_208" = {
         isa = "PBXBuildFile";
         fileRef = "OBJ_66";
      };
      "OBJ_209" = {
         isa = "PBXBuildFile";
         fileRef = "OBJ_67";
      };
      "OBJ_21" = {
         isa = "PBXFileReference";
         path = "MySQLRow.swift";
         sourceTree = "<group>";
      };
      "OBJ_210" = {
         isa = "PBXBuildFile";
         fileRef = "OBJ_69";
      };
      "OBJ_211" = {
         isa = "PBXBuildFile";
         fileRef = "OBJ_70";
      };
      "OBJ_212" = {
         isa = "PBXBuildFile";
         fileRef = "OBJ_71";
      };
      "OBJ_213" = {
         isa = "PBXBuildFile";
         fileRef = "OBJ_72";
      };
      "OBJ_214" = {
         isa = "PBXBuildFile";
         fileRef = "OBJ_74";
      };
      "OBJ_215" = {
         isa = "PBXBuildFile";
         fileRef = "OBJ_75";
      };
      "OBJ_216" = {
         isa = "PBXBuildFile";
         fileRef = "OBJ_76";
      };
      "OBJ_217" = {
         isa = "PBXBuildFile";
         fileRef = "OBJ_77";
      };
      "OBJ_218" = {
         isa = "PBXBuildFile";
         fileRef = "OBJ_78";
      };
      "OBJ_219" = {
         isa = "PBXBuildFile";
         fileRef = "OBJ_79";
      };
      "OBJ_22" = {
         isa = "PBXFileReference";
         path = "MySQLStatement.swift";
         sourceTree = "<group>";
      };
      "OBJ_220" = {
         isa = "PBXBuildFile";
         fileRef = "OBJ_80";
      };
      "OBJ_221" = {
         isa = "PBXBuildFile";
         fileRef = "OBJ_81";
      };
      "OBJ_222" = {
         isa = "PBXBuildFile";
         fileRef = "OBJ_83";
      };
      "OBJ_223" = {
         isa = "PBXBuildFile";
         fileRef = "OBJ_85";
      };
      "OBJ_224" = {
         isa = "PBXBuildFile";
         fileRef = "OBJ_86";
      };
      "OBJ_225" = {
         isa = "PBXBuildFile";
         fileRef = "OBJ_87";
      };
      "OBJ_226" = {
         isa = "PBXBuildFile";
         fileRef = "OBJ_88";
      };
      "OBJ_227" = {
         isa = "PBXBuildFile";
         fileRef = "OBJ_89";
      };
      "OBJ_228" = {
         isa = "PBXBuildFile";
         fileRef = "OBJ_90";
      };
      "OBJ_229" = {
         isa = "PBXBuildFile";
         fileRef = "OBJ_92";
      };
      "OBJ_23" = {
         isa = "PBXFileReference";
         path = "MySQLTools.swift";
         sourceTree = "<group>";
      };
      "OBJ_230" = {
         isa = "PBXFrameworksBuildPhase";
         files = (
            "OBJ_231"
         );
      };
      "OBJ_231" = {
         isa = "PBXBuildFile";
         fileRef = "RingBuffer::RingBuffer::Product";
      };
      "OBJ_232" = {
         isa = "PBXTargetDependency";
         target = "RingBuffer::RingBuffer";
      };
      "OBJ_234" = {
         isa = "XCConfigurationList";
         buildConfigurations = (
            "OBJ_235",
            "OBJ_236"
         );
         defaultConfigurationIsVisible = "0";
         defaultConfigurationName = "Release";
      };
      "OBJ_235" = {
         isa = "XCBuildConfiguration";
         buildSettings = {
            LD = "/usr/bin/true";
            OTHER_SWIFT_FLAGS = (
               "-swift-version",
               "5",
               "-I",
               "$(TOOLCHAIN_DIR)/usr/lib/swift/pm/4_2",
               "-target",
               "x86_64-apple-macosx10.10",
               "-sdk",
               "/Applications/Xcode.app/Contents/Developer/Platforms/MacOSX.platform/Developer/SDKs/MacOSX10.15.sdk",
               "-package-description-version",
               "5.2.0"
            );
            SWIFT_VERSION = "5.0";
         };
         name = "Debug";
      };
      "OBJ_236" = {
         isa = "XCBuildConfiguration";
         buildSettings = {
            LD = "/usr/bin/true";
            OTHER_SWIFT_FLAGS = (
               "-swift-version",
               "5",
               "-I",
               "$(TOOLCHAIN_DIR)/usr/lib/swift/pm/4_2",
               "-target",
               "x86_64-apple-macosx10.10",
               "-sdk",
               "/Applications/Xcode.app/Contents/Developer/Platforms/MacOSX.platform/Developer/SDKs/MacOSX10.15.sdk",
               "-package-description-version",
               "5.2.0"
            );
            SWIFT_VERSION = "5.0";
         };
         name = "Release";
      };
      "OBJ_237" = {
         isa = "PBXSourcesBuildPhase";
         files = (
            "OBJ_238"
         );
      };
      "OBJ_238" = {
         isa = "PBXBuildFile";
         fileRef = "OBJ_93";
      };
      "OBJ_24" = {
         isa = "PBXGroup";
         children = (
            "OBJ_25",
            "OBJ_26",
            "OBJ_27",
            "OBJ_28",
            "OBJ_29",
            "OBJ_30",
            "OBJ_31",
            "OBJ_32",
            "OBJ_33"
         );
         name = "Protocols";
         path = "Protocols";
         sourceTree = "<group>";
      };
      "OBJ_240" = {
         isa = "XCConfigurationList";
         buildConfigurations = (
            "OBJ_241",
            "OBJ_242"
         );
         defaultConfigurationIsVisible = "0";
         defaultConfigurationName = "Release";
      };
      "OBJ_241" = {
         isa = "XCBuildConfiguration";
         buildSettings = {
            ENABLE_TESTABILITY = "YES";
            FRAMEWORK_SEARCH_PATHS = (
               "$(inherited)",
               "$(PLATFORM_DIR)/Developer/Library/Frameworks"
            );
            HEADER_SEARCH_PATHS = (
               "$(inherited)",
               "$(SRCROOT)/.build/checkouts/RingBuffer/Sources/RingBuffer",
               "$(SRCROOT)/Modules",
               "$(SRCROOT)/SwiftDBC.xcodeproj/GeneratedModuleMap/RingBuffer"
            );
            INFOPLIST_FILE = "SwiftDBC.xcodeproj/SwiftDBC_Info.plist";
            IPHONEOS_DEPLOYMENT_TARGET = "8.0";
            LD_RUNPATH_SEARCH_PATHS = (
               "$(inherited)",
               "$(TOOLCHAIN_DIR)/usr/lib/swift/macosx"
            );
            MACOSX_DEPLOYMENT_TARGET = "10.15";
            OTHER_CFLAGS = (
               "$(inherited)"
            );
            OTHER_LDFLAGS = (
               "$(inherited)",
               "-L/usr/local/mysql/lib"
            );
            OTHER_SWIFT_FLAGS = (
               "$(inherited)",
               "-Xcc",
               "-fmodule-map-file=$(SRCROOT)/SwiftDBC.xcodeproj/GeneratedModuleMap/RingBuffer/module.modulemap"
            );
            PRODUCT_BUNDLE_IDENTIFIER = "SwiftDBC";
            PRODUCT_MODULE_NAME = "$(TARGET_NAME:c99extidentifier)";
            PRODUCT_NAME = "$(TARGET_NAME:c99extidentifier)";
            SKIP_INSTALL = "YES";
            SWIFT_ACTIVE_COMPILATION_CONDITIONS = (
               "$(inherited)"
            );
            SWIFT_VERSION = "5.2";
            TARGET_NAME = "SwiftDBC";
            TVOS_DEPLOYMENT_TARGET = "13.0";
            WATCHOS_DEPLOYMENT_TARGET = "2.0";
         };
         name = "Debug";
      };
      "OBJ_242" = {
         isa = "XCBuildConfiguration";
         buildSettings = {
            ENABLE_TESTABILITY = "YES";
            FRAMEWORK_SEARCH_PATHS = (
               "$(inherited)",
               "$(PLATFORM_DIR)/Developer/Library/Frameworks"
            );
            HEADER_SEARCH_PATHS = (
               "$(inherited)",
               "$(SRCROOT)/.build/checkouts/RingBuffer/Sources/RingBuffer",
               "$(SRCROOT)/Modules",
               "$(SRCROOT)/SwiftDBC.xcodeproj/GeneratedModuleMap/RingBuffer"
            );
            INFOPLIST_FILE = "SwiftDBC.xcodeproj/SwiftDBC_Info.plist";
            IPHONEOS_DEPLOYMENT_TARGET = "8.0";
            LD_RUNPATH_SEARCH_PATHS = (
               "$(inherited)",
               "$(TOOLCHAIN_DIR)/usr/lib/swift/macosx"
            );
            MACOSX_DEPLOYMENT_TARGET = "10.15";
            OTHER_CFLAGS = (
               "$(inherited)"
            );
            OTHER_LDFLAGS = (
               "$(inherited)",
               "-L/usr/local/mysql/lib"
            );
            OTHER_SWIFT_FLAGS = (
               "$(inherited)",
               "-Xcc",
               "-fmodule-map-file=$(SRCROOT)/SwiftDBC.xcodeproj/GeneratedModuleMap/RingBuffer/module.modulemap"
            );
            PRODUCT_BUNDLE_IDENTIFIER = "SwiftDBC";
            PRODUCT_MODULE_NAME = "$(TARGET_NAME:c99extidentifier)";
            PRODUCT_NAME = "$(TARGET_NAME:c99extidentifier)";
            SKIP_INSTALL = "YES";
            SWIFT_ACTIVE_COMPILATION_CONDITIONS = (
               "$(inherited)"
            );
            SWIFT_VERSION = "5.2";
            TARGET_NAME = "SwiftDBC";
            TVOS_DEPLOYMENT_TARGET = "13.0";
            WATCHOS_DEPLOYMENT_TARGET = "2.0";
         };
         name = "Release";
      };
      "OBJ_243" = {
         isa = "PBXSourcesBuildPhase";
         files = (
            "OBJ_244",
            "OBJ_245",
            "OBJ_246",
            "OBJ_247",
            "OBJ_248",
            "OBJ_249",
            "OBJ_250",
            "OBJ_251",
            "OBJ_252",
            "OBJ_253",
            "OBJ_254",
            "OBJ_255",
            "OBJ_256",
            "OBJ_257",
            "OBJ_258",
            "OBJ_259",
            "OBJ_260",
            "OBJ_261",
            "OBJ_262"
         );
      };
      "OBJ_244" = {
         isa = "PBXBuildFile";
         fileRef = "OBJ_12";
      };
      "OBJ_245" = {
         isa = "PBXBuildFile";
         fileRef = "OBJ_14";
      };
      "OBJ_246" = {
         isa = "PBXBuildFile";
         fileRef = "OBJ_16";
      };
      "OBJ_247" = {
         isa = "PBXBuildFile";
         fileRef = "OBJ_17";
      };
      "OBJ_248" = {
         isa = "PBXBuildFile";
         fileRef = "OBJ_18";
      };
      "OBJ_249" = {
         isa = "PBXBuildFile";
         fileRef = "OBJ_19";
      };
      "OBJ_25" = {
         isa = "PBXFileReference";
         path = "DBColumn.swift";
         sourceTree = "<group>";
      };
      "OBJ_250" = {
         isa = "PBXBuildFile";
         fileRef = "OBJ_20";
      };
      "OBJ_251" = {
         isa = "PBXBuildFile";
         fileRef = "OBJ_21";
      };
      "OBJ_252" = {
         isa = "PBXBuildFile";
         fileRef = "OBJ_22";
      };
      "OBJ_253" = {
         isa = "PBXBuildFile";
         fileRef = "OBJ_23";
      };
      "OBJ_254" = {
         isa = "PBXBuildFile";
         fileRef = "OBJ_25";
      };
      "OBJ_255" = {
         isa = "PBXBuildFile";
         fileRef = "OBJ_26";
      };
      "OBJ_256" = {
         isa = "PBXBuildFile";
         fileRef = "OBJ_27";
      };
      "OBJ_257" = {
         isa = "PBXBuildFile";
         fileRef = "OBJ_28";
      };
      "OBJ_258" = {
         isa = "PBXBuildFile";
         fileRef = "OBJ_29";
      };
      "OBJ_259" = {
         isa = "PBXBuildFile";
         fileRef = "OBJ_30";
      };
      "OBJ_26" = {
         isa = "PBXFileReference";
         path = "DBConnection.swift";
         sourceTree = "<group>";
      };
      "OBJ_260" = {
         isa = "PBXBuildFile";
         fileRef = "OBJ_31";
      };
      "OBJ_261" = {
         isa = "PBXBuildFile";
         fileRef = "OBJ_32";
      };
      "OBJ_262" = {
         isa = "PBXBuildFile";
         fileRef = "OBJ_33";
      };
      "OBJ_263" = {
         isa = "PBXFrameworksBuildPhase";
         files = (
            "OBJ_264",
            "OBJ_265",
            "OBJ_266"
         );
      };
      "OBJ_264" = {
         isa = "PBXBuildFile";
         fileRef = "BigInt::BigInt::Product";
      };
      "OBJ_265" = {
         isa = "PBXBuildFile";
         fileRef = "Rubicon::Rubicon::Product";
      };
      "OBJ_266" = {
         isa = "PBXBuildFile";
         fileRef = "RingBuffer::RingBuffer::Product";
      };
      "OBJ_267" = {
         isa = "PBXTargetDependency";
         target = "BigInt::BigInt";
      };
      "OBJ_268" = {
         isa = "PBXTargetDependency";
         target = "Rubicon::Rubicon";
      };
      "OBJ_269" = {
         isa = "PBXTargetDependency";
         target = "RingBuffer::RingBuffer";
      };
      "OBJ_27" = {
         isa = "PBXFileReference";
         path = "DBDriver.swift";
         sourceTree = "<group>";
      };
      "OBJ_271" = {
         isa = "XCConfigurationList";
         buildConfigurations = (
            "OBJ_272",
            "OBJ_273"
         );
         defaultConfigurationIsVisible = "0";
         defaultConfigurationName = "Release";
      };
      "OBJ_272" = {
         isa = "XCBuildConfiguration";
         buildSettings = {
            LD = "/usr/bin/true";
            OTHER_SWIFT_FLAGS = (
               "-swift-version",
               "5",
               "-I",
               "$(TOOLCHAIN_DIR)/usr/lib/swift/pm/4_2",
               "-target",
               "x86_64-apple-macosx10.10",
               "-sdk",
               "/Applications/Xcode.app/Contents/Developer/Platforms/MacOSX.platform/Developer/SDKs/MacOSX10.15.sdk",
               "-package-description-version",
               "5.2.0"
            );
            SWIFT_VERSION = "5.0";
         };
         name = "Debug";
      };
      "OBJ_273" = {
         isa = "XCBuildConfiguration";
         buildSettings = {
            LD = "/usr/bin/true";
            OTHER_SWIFT_FLAGS = (
               "-swift-version",
               "5",
               "-I",
               "$(TOOLCHAIN_DIR)/usr/lib/swift/pm/4_2",
               "-target",
               "x86_64-apple-macosx10.10",
               "-sdk",
               "/Applications/Xcode.app/Contents/Developer/Platforms/MacOSX.platform/Developer/SDKs/MacOSX10.15.sdk",
               "-package-description-version",
               "5.2.0"
            );
            SWIFT_VERSION = "5.0";
         };
         name = "Release";
      };
      "OBJ_274" = {
         isa = "PBXSourcesBuildPhase";
         files = (
            "OBJ_275"
         );
      };
      "OBJ_275" = {
         isa = "PBXBuildFile";
         fileRef = "OBJ_6";
      };
      "OBJ_277" = {
         isa = "XCConfigurationList";
         buildConfigurations = (
            "OBJ_278",
            "OBJ_279"
         );
         defaultConfigurationIsVisible = "0";
         defaultConfigurationName = "Release";
      };
      "OBJ_278" = {
         isa = "XCBuildConfiguration";
         buildSettings = {
         };
         name = "Debug";
      };
      "OBJ_279" = {
         isa = "XCBuildConfiguration";
         buildSettings = {
         };
         name = "Release";
      };
      "OBJ_28" = {
         isa = "PBXFileReference";
         path = "DBError.swift";
         sourceTree = "<group>";
      };
      "OBJ_280" = {
         isa = "PBXTargetDependency";
         target = "SwiftDBC::SwiftDBCTests";
      };
      "OBJ_282" = {
         isa = "XCConfigurationList";
         buildConfigurations = (
            "OBJ_283",
            "OBJ_284"
         );
         defaultConfigurationIsVisible = "0";
         defaultConfigurationName = "Release";
      };
      "OBJ_283" = {
         isa = "XCBuildConfiguration";
         buildSettings = {
            CLANG_ENABLE_MODULES = "YES";
            EMBEDDED_CONTENT_CONTAINS_SWIFT = "YES";
            FRAMEWORK_SEARCH_PATHS = (
               "$(inherited)",
               "$(PLATFORM_DIR)/Developer/Library/Frameworks"
            );
            HEADER_SEARCH_PATHS = (
               "$(inherited)",
               "$(SRCROOT)/.build/checkouts/RingBuffer/Sources/RingBuffer",
               "$(SRCROOT)/Modules",
               "$(SRCROOT)/SwiftDBC.xcodeproj/GeneratedModuleMap/RingBuffer"
            );
            INFOPLIST_FILE = "SwiftDBC.xcodeproj/SwiftDBCTests_Info.plist";
            IPHONEOS_DEPLOYMENT_TARGET = "8.0";
            LD_RUNPATH_SEARCH_PATHS = (
               "$(inherited)",
               "@loader_path/../Frameworks",
               "@loader_path/Frameworks"
            );
            MACOSX_DEPLOYMENT_TARGET = "10.15";
            OTHER_CFLAGS = (
               "$(inherited)"
            );
            OTHER_LDFLAGS = (
               "$(inherited)"
            );
            OTHER_SWIFT_FLAGS = (
               "$(inherited)",
               "-Xcc",
               "-fmodule-map-file=$(SRCROOT)/SwiftDBC.xcodeproj/GeneratedModuleMap/RingBuffer/module.modulemap"
            );
            SWIFT_ACTIVE_COMPILATION_CONDITIONS = (
               "$(inherited)"
            );
            SWIFT_VERSION = "5.2";
            TARGET_NAME = "SwiftDBCTests";
            TVOS_DEPLOYMENT_TARGET = "13.0";
            WATCHOS_DEPLOYMENT_TARGET = "2.0";
         };
         name = "Debug";
      };
      "OBJ_284" = {
         isa = "XCBuildConfiguration";
         buildSettings = {
            CLANG_ENABLE_MODULES = "YES";
            EMBEDDED_CONTENT_CONTAINS_SWIFT = "YES";
            FRAMEWORK_SEARCH_PATHS = (
               "$(inherited)",
               "$(PLATFORM_DIR)/Developer/Library/Frameworks"
            );
            HEADER_SEARCH_PATHS = (
               "$(inherited)",
               "$(SRCROOT)/.build/checkouts/RingBuffer/Sources/RingBuffer",
               "$(SRCROOT)/Modules",
               "$(SRCROOT)/SwiftDBC.xcodeproj/GeneratedModuleMap/RingBuffer"
            );
            INFOPLIST_FILE = "SwiftDBC.xcodeproj/SwiftDBCTests_Info.plist";
            IPHONEOS_DEPLOYMENT_TARGET = "8.0";
            LD_RUNPATH_SEARCH_PATHS = (
               "$(inherited)",
               "@loader_path/../Frameworks",
               "@loader_path/Frameworks"
            );
            MACOSX_DEPLOYMENT_TARGET = "10.15";
            OTHER_CFLAGS = (
               "$(inherited)"
            );
            OTHER_LDFLAGS = (
               "$(inherited)"
            );
            OTHER_SWIFT_FLAGS = (
               "$(inherited)",
               "-Xcc",
               "-fmodule-map-file=$(SRCROOT)/SwiftDBC.xcodeproj/GeneratedModuleMap/RingBuffer/module.modulemap"
            );
            SWIFT_ACTIVE_COMPILATION_CONDITIONS = (
               "$(inherited)"
            );
            SWIFT_VERSION = "5.2";
            TARGET_NAME = "SwiftDBCTests";
            TVOS_DEPLOYMENT_TARGET = "13.0";
            WATCHOS_DEPLOYMENT_TARGET = "2.0";
         };
         name = "Release";
      };
      "OBJ_285" = {
         isa = "PBXSourcesBuildPhase";
         files = (
            "OBJ_286"
         );
      };
      "OBJ_286" = {
         isa = "PBXBuildFile";
         fileRef = "OBJ_36";
      };
      "OBJ_287" = {
         isa = "PBXFrameworksBuildPhase";
         files = (
            "OBJ_288",
            "OBJ_289",
            "OBJ_290",
            "OBJ_291"
         );
      };
      "OBJ_288" = {
         isa = "PBXBuildFile";
         fileRef = "SwiftDBC::SwiftDBC::Product";
      };
      "OBJ_289" = {
         isa = "PBXBuildFile";
         fileRef = "BigInt::BigInt::Product";
      };
      "OBJ_29" = {
         isa = "PBXFileReference";
         path = "DBResultSet.swift";
         sourceTree = "<group>";
      };
      "OBJ_290" = {
         isa = "PBXBuildFile";
         fileRef = "Rubicon::Rubicon::Product";
      };
      "OBJ_291" = {
         isa = "PBXBuildFile";
         fileRef = "RingBuffer::RingBuffer::Product";
      };
      "OBJ_292" = {
         isa = "PBXTargetDependency";
         target = "SwiftDBC::SwiftDBC";
      };
      "OBJ_293" = {
         isa = "PBXTargetDependency";
         target = "BigInt::BigInt";
      };
      "OBJ_294" = {
         isa = "PBXTargetDependency";
         target = "Rubicon::Rubicon";
      };
      "OBJ_295" = {
         isa = "PBXTargetDependency";
         target = "RingBuffer::RingBuffer";
      };
      "OBJ_3" = {
         isa = "XCBuildConfiguration";
         buildSettings = {
            CLANG_ENABLE_OBJC_ARC = "YES";
            COMBINE_HIDPI_IMAGES = "YES";
            COPY_PHASE_STRIP = "NO";
            DEBUG_INFORMATION_FORMAT = "dwarf";
            DYLIB_INSTALL_NAME_BASE = "@rpath";
            ENABLE_NS_ASSERTIONS = "YES";
            GCC_OPTIMIZATION_LEVEL = "0";
            GCC_PREPROCESSOR_DEFINITIONS = (
               "$(inherited)",
               "SWIFT_PACKAGE=1",
               "DEBUG=1"
            );
            MACOSX_DEPLOYMENT_TARGET = "10.10";
            ONLY_ACTIVE_ARCH = "YES";
            OTHER_SWIFT_FLAGS = (
               "$(inherited)",
               "-DXcode"
            );
            PRODUCT_NAME = "$(TARGET_NAME)";
            SDKROOT = "macosx";
            SUPPORTED_PLATFORMS = (
               "macosx",
               "iphoneos",
               "iphonesimulator",
               "appletvos",
               "appletvsimulator",
               "watchos",
               "watchsimulator"
            );
            SWIFT_ACTIVE_COMPILATION_CONDITIONS = (
               "$(inherited)",
               "SWIFT_PACKAGE",
               "DEBUG"
            );
            SWIFT_OPTIMIZATION_LEVEL = "-Onone";
            USE_HEADERMAP = "NO";
         };
         name = "Debug";
      };
      "OBJ_30" = {
         isa = "PBXFileReference";
         path = "DBResultSetMetaData.swift";
         sourceTree = "<group>";
      };
      "OBJ_31" = {
         isa = "PBXFileReference";
         path = "DBRow.swift";
         sourceTree = "<group>";
      };
      "OBJ_32" = {
         isa = "PBXFileReference";
         path = "DBStatement.swift";
         sourceTree = "<group>";
      };
      "OBJ_33" = {
         isa = "PBXFileReference";
         path = "DataTypes.swift";
         sourceTree = "<group>";
      };
      "OBJ_34" = {
         isa = "PBXGroup";
         children = (
            "OBJ_35"
         );
         name = "Tests";
         path = "";
         sourceTree = "SOURCE_ROOT";
      };
      "OBJ_35" = {
         isa = "PBXGroup";
         children = (
            "OBJ_36"
         );
         name = "SwiftDBCTests";
         path = "Tests/SwiftDBCTests";
         sourceTree = "SOURCE_ROOT";
      };
      "OBJ_36" = {
         isa = "PBXFileReference";
         path = "SwiftDBCTests.swift";
         sourceTree = "<group>";
      };
      "OBJ_37" = {
         isa = "PBXGroup";
         children = (
            "OBJ_38",
            "OBJ_62",
            "OBJ_94",
            "OBJ_100"
         );
         name = "Dependencies";
         path = "";
         sourceTree = "<group>";
      };
      "OBJ_38" = {
         isa = "PBXGroup";
         children = (
            "OBJ_39",
            "OBJ_40",
            "OBJ_41",
            "OBJ_42",
            "OBJ_43",
            "OBJ_44",
            "OBJ_45",
            "OBJ_46",
            "OBJ_47",
            "OBJ_48",
            "OBJ_49",
            "OBJ_50",
            "OBJ_51",
            "OBJ_52",
            "OBJ_53",
            "OBJ_54",
            "OBJ_55",
            "OBJ_56",
            "OBJ_57",
            "OBJ_58",
            "OBJ_59",
            "OBJ_60",
            "OBJ_61"
         );
         name = "BigInt 5.2.0";
         path = ".build/checkouts/BigInt/Sources";
         sourceTree = "SOURCE_ROOT";
      };
      "OBJ_39" = {
         isa = "PBXFileReference";
         explicitFileType = "sourcecode.swift";
         name = "Package.swift";
         path = "/Users/grhodes/Projects/2020/SwiftProjects/SwiftDBC/.build/checkouts/BigInt/Package.swift";
         sourceTree = "<group>";
      };
      "OBJ_4" = {
         isa = "XCBuildConfiguration";
         buildSettings = {
            CLANG_ENABLE_OBJC_ARC = "YES";
            COMBINE_HIDPI_IMAGES = "YES";
            COPY_PHASE_STRIP = "YES";
            DEBUG_INFORMATION_FORMAT = "dwarf-with-dsym";
            DYLIB_INSTALL_NAME_BASE = "@rpath";
            GCC_OPTIMIZATION_LEVEL = "s";
            GCC_PREPROCESSOR_DEFINITIONS = (
               "$(inherited)",
               "SWIFT_PACKAGE=1"
            );
            MACOSX_DEPLOYMENT_TARGET = "10.10";
            OTHER_SWIFT_FLAGS = (
               "$(inherited)",
               "-DXcode"
            );
            PRODUCT_NAME = "$(TARGET_NAME)";
            SDKROOT = "macosx";
            SUPPORTED_PLATFORMS = (
               "macosx",
               "iphoneos",
               "iphonesimulator",
               "appletvos",
               "appletvsimulator",
               "watchos",
               "watchsimulator"
            );
            SWIFT_ACTIVE_COMPILATION_CONDITIONS = (
               "$(inherited)",
               "SWIFT_PACKAGE"
            );
            SWIFT_OPTIMIZATION_LEVEL = "-Owholemodule";
            USE_HEADERMAP = "NO";
         };
         name = "Release";
      };
      "OBJ_40" = {
         isa = "PBXFileReference";
         path = "Addition.swift";
         sourceTree = "<group>";
      };
      "OBJ_41" = {
         isa = "PBXFileReference";
         path = "BigInt.swift";
         sourceTree = "<group>";
      };
      "OBJ_42" = {
         isa = "PBXFileReference";
         path = "BigUInt.swift";
         sourceTree = "<group>";
      };
      "OBJ_43" = {
         isa = "PBXFileReference";
         path = "Bitwise Ops.swift";
         sourceTree = "<group>";
      };
      "OBJ_44" = {
         isa = "PBXFileReference";
         path = "Codable.swift";
         sourceTree = "<group>";
      };
      "OBJ_45" = {
         isa = "PBXFileReference";
         path = "Comparable.swift";
         sourceTree = "<group>";
      };
      "OBJ_46" = {
         isa = "PBXFileReference";
         path = "Data Conversion.swift";
         sourceTree = "<group>";
      };
      "OBJ_47" = {
         isa = "PBXFileReference";
         path = "Division.swift";
         sourceTree = "<group>";
      };
      "OBJ_48" = {
         isa = "PBXFileReference";
         path = "Exponentiation.swift";
         sourceTree = "<group>";
      };
      "OBJ_49" = {
         isa = "PBXFileReference";
         path = "Floating Point Conversion.swift";
         sourceTree = "<group>";
      };
      "OBJ_5" = {
         isa = "PBXGroup";
         children = (
            "OBJ_6",
            "OBJ_7",
            "OBJ_34",
            "OBJ_37",
            "OBJ_115"
         );
         path = "";
         sourceTree = "<group>";
      };
      "OBJ_50" = {
         isa = "PBXFileReference";
         path = "GCD.swift";
         sourceTree = "<group>";
      };
      "OBJ_51" = {
         isa = "PBXFileReference";
         path = "Hashable.swift";
         sourceTree = "<group>";
      };
      "OBJ_52" = {
         isa = "PBXFileReference";
         path = "Integer Conversion.swift";
         sourceTree = "<group>";
      };
      "OBJ_53" = {
         isa = "PBXFileReference";
         path = "Multiplication.swift";
         sourceTree = "<group>";
      };
      "OBJ_54" = {
         isa = "PBXFileReference";
         path = "Prime Test.swift";
         sourceTree = "<group>";
      };
      "OBJ_55" = {
         isa = "PBXFileReference";
         path = "Random.swift";
         sourceTree = "<group>";
      };
      "OBJ_56" = {
         isa = "PBXFileReference";
         path = "Shifts.swift";
         sourceTree = "<group>";
      };
      "OBJ_57" = {
         isa = "PBXFileReference";
         path = "Square Root.swift";
         sourceTree = "<group>";
      };
      "OBJ_58" = {
         isa = "PBXFileReference";
         path = "Strideable.swift";
         sourceTree = "<group>";
      };
      "OBJ_59" = {
         isa = "PBXFileReference";
         path = "String Conversion.swift";
         sourceTree = "<group>";
      };
      "OBJ_6" = {
         isa = "PBXFileReference";
         explicitFileType = "sourcecode.swift";
         path = "Package.swift";
         sourceTree = "<group>";
      };
      "OBJ_60" = {
         isa = "PBXFileReference";
         path = "Subtraction.swift";
         sourceTree = "<group>";
      };
      "OBJ_61" = {
         isa = "PBXFileReference";
         path = "Words and Bits.swift";
         sourceTree = "<group>";
      };
      "OBJ_62" = {
         isa = "PBXGroup";
         children = (
            "OBJ_63",
            "OBJ_93"
         );
         name = "Rubicon 0.2.0";
         path = "";
         sourceTree = "SOURCE_ROOT";
      };
      "OBJ_63" = {
         isa = "PBXGroup";
         children = (
            "OBJ_64",
            "OBJ_67",
            "OBJ_68",
            "OBJ_71",
            "OBJ_72",
            "OBJ_73",
            "OBJ_81",
            "OBJ_82",
            "OBJ_90",
            "OBJ_91"
         );
         name = "Rubicon";
         path = ".build/checkouts/Rubicon/Sources/Rubicon";
         sourceTree = "SOURCE_ROOT";
      };
      "OBJ_64" = {
         isa = "PBXGroup";
         children = (
            "OBJ_65",
            "OBJ_66"
         );
         name = "BinaryTree";
         path = "BinaryTree";
         sourceTree = "<group>";
      };
      "OBJ_65" = {
         isa = "PBXFileReference";
         path = "BinaryTree.swift";
         sourceTree = "<group>";
      };
      "OBJ_66" = {
         isa = "PBXFileReference";
         path = "TreeNode.swift";
         sourceTree = "<group>";
      };
      "OBJ_67" = {
         isa = "PBXFileReference";
         path = "Bits.swift";
         sourceTree = "<group>";
      };
      "OBJ_68" = {
         isa = "PBXGroup";
         children = (
            "OBJ_69",
            "OBJ_70"
         );
         name = "Buffers";
         path = "Buffers";
         sourceTree = "<group>";
      };
      "OBJ_69" = {
         isa = "PBXFileReference";
         path = "Buffers.swift";
         sourceTree = "<group>";
      };
      "OBJ_7" = {
         isa = "PBXGroup";
         children = (
            "OBJ_8",
            "OBJ_10",
            "OBJ_11"
         );
         name = "Sources";
         path = "";
         sourceTree = "SOURCE_ROOT";
      };
      "OBJ_70" = {
         isa = "PBXFileReference";
         path = "RingByteBuffer.swift";
         sourceTree = "<group>";
      };
      "OBJ_71" = {
         isa = "PBXFileReference";
         path = "Closable.swift";
         sourceTree = "<group>";
      };
      "OBJ_72" = {
         isa = "PBXFileReference";
         path = "Concurrency.swift";
         sourceTree = "<group>";
      };
      "OBJ_73" = {
         isa = "PBXGroup";
         children = (
            "OBJ_74",
            "OBJ_75",
            "OBJ_76",
            "OBJ_77",
            "OBJ_78",
            "OBJ_79",
            "OBJ_80"
         );
         name = "Extensions";
         path = "Extensions";
         sourceTree = "<group>";
      };
      "OBJ_74" = {
         isa = "PBXFileReference";
         path = "Array.swift";
         sourceTree = "<group>";
      };
      "OBJ_75" = {
         isa = "PBXFileReference";
         path = "Data.swift";
         sourceTree = "<group>";
      };
      "OBJ_76" = {
         isa = "PBXFileReference";
         path = "DateFormatter.swift";
         sourceTree = "<group>";
      };
      "OBJ_77" = {
         isa = "PBXFileReference";
         path = "NSRange.swift";
         sourceTree = "<group>";
      };
      "OBJ_78" = {
         isa = "PBXFileReference";
         path = "NSRegularExpression.swift";
         sourceTree = "<group>";
      };
      "OBJ_79" = {
         isa = "PBXFileReference";
         path = "Stream.swift";
         sourceTree = "<group>";
      };
      "OBJ_8" = {
         isa = "PBXGroup";
         children = (
            "OBJ_9"
         );
         name = "DocFixer";
         path = "Sources/DocFixer";
         sourceTree = "SOURCE_ROOT";
      };
      "OBJ_80" = {
         isa = "PBXFileReference";
         path = "String.swift";
         sourceTree = "<group>";
      };
      "OBJ_81" = {
         isa = "PBXFileReference";
         path = "NanoTimer.swift";
         sourceTree = "<group>";
      };
      "OBJ_82" = {
         isa = "PBXGroup";
         children = (
            "OBJ_83",
            "OBJ_84"
         );
         name = "Streams";
         path = "Streams";
         sourceTree = "<group>";
      };
      "OBJ_83" = {
         isa = "PBXFileReference";
         path = "ByteInputStream.swift";
         sourceTree = "<group>";
      };
      "OBJ_84" = {
         isa = "PBXGroup";
         children = (
            "OBJ_85",
            "OBJ_86",
            "OBJ_87",
            "OBJ_88",
            "OBJ_89"
         );
         name = "Character";
         path = "Character";
         sourceTree = "<group>";
      };
      "OBJ_85" = {
         isa = "PBXFileReference";
         path = "AscIICharInputStream.swift";
         sourceTree = "<group>";
      };
      "OBJ_86" = {
         isa = "PBXFileReference";
         path = "CharInputStream.swift";
         sourceTree = "<group>";
      };
      "OBJ_87" = {
         isa = "PBXFileReference";
         path = "StringCharInputStream.swift";
         sourceTree = "<group>";
      };
      "OBJ_88" = {
         isa = "PBXFileReference";
         path = "Utf16CharInputStream.swift";
         sourceTree = "<group>";
      };
      "OBJ_89" = {
         isa = "PBXFileReference";
         path = "Utf8CharInputStream.swift";
         sourceTree = "<group>";
      };
      "OBJ_9" = {
         isa = "PBXFileReference";
         path = "main.swift";
         sourceTree = "<group>";
      };
      "OBJ_90" = {
         isa = "PBXFileReference";
         path = "Tools.swift";
         sourceTree = "<group>";
      };
      "OBJ_91" = {
         isa = "PBXGroup";
         children = (
            "OBJ_92"
         );
         name = "XML";
         path = "XML";
         sourceTree = "<group>";
      };
      "OBJ_92" = {
         isa = "PBXFileReference";
         path = "XMLParser.swift";
         sourceTree = "<group>";
      };
      "OBJ_93" = {
         isa = "PBXFileReference";
         explicitFileType = "sourcecode.swift";
         name = "Package.swift";
         path = "/Users/grhodes/Projects/2020/SwiftProjects/SwiftDBC/.build/checkouts/Rubicon/Package.swift";
         sourceTree = "<group>";
      };
      "OBJ_94" = {
         isa = "PBXGroup";
         children = (
            "OBJ_95",
            "OBJ_99"
         );
         name = "RingBuffer 1.0.2";
         path = "";
         sourceTree = "SOURCE_ROOT";
      };
      "OBJ_95" = {
         isa = "PBXGroup";
         children = (
            "OBJ_96",
            "OBJ_97",
            "OBJ_98"
         );
         name = "RingBuffer";
         path = ".build/checkouts/RingBuffer/Sources/RingBuffer";
         sourceTree = "SOURCE_ROOT";
      };
      "OBJ_96" = {
         isa = "PBXFileReference";
         path = "PGRingBuffer.c";
         sourceTree = "<group>";
      };
      "OBJ_97" = {
         isa = "PBXFileReference";
         path = "PGRingBuffer.h";
         sourceTree = "<group>";
      };
      "OBJ_98" = {
         isa = "PBXFileReference";
         name = "module.modulemap";
         path = "/Users/grhodes/Projects/2020/SwiftProjects/SwiftDBC/SwiftDBC.xcodeproj/GeneratedModuleMap/RingBuffer/module.modulemap";
         sourceTree = "<group>";
      };
      "OBJ_99" = {
         isa = "PBXFileReference";
         explicitFileType = "sourcecode.swift";
         name = "Package.swift";
         path = "/Users/grhodes/Projects/2020/SwiftProjects/SwiftDBC/.build/checkouts/RingBuffer/Package.swift";
         sourceTree = "<group>";
      };
      "PGDocFixer::PGDocFixer" = {
         isa = "PBXNativeTarget";
         buildConfigurationList = "OBJ_167";
         buildPhases = (
            "OBJ_170",
            "OBJ_182"
         );
         dependencies = (
         );
         name = "PGDocFixer";
         productName = "PGDocFixer";
         productReference = "PGDocFixer::PGDocFixer::Product";
         productType = "com.apple.product-type.framework";
      };
      "PGDocFixer::PGDocFixer::Product" = {
         isa = "PBXFileReference";
         path = "PGDocFixer.framework";
         sourceTree = "BUILT_PRODUCTS_DIR";
      };
      "PGDocFixer::SwiftPMPackageDescription" = {
         isa = "PBXNativeTarget";
         buildConfigurationList = "OBJ_184";
         buildPhases = (
            "OBJ_187"
         );
         dependencies = (
         );
         name = "PGDocFixerPackageDescription";
         productName = "PGDocFixerPackageDescription";
         productType = "com.apple.product-type.framework";
      };
      "RingBuffer::RingBuffer" = {
         isa = "PBXNativeTarget";
         buildConfigurationList = "OBJ_190";
         buildPhases = (
            "OBJ_193",
            "OBJ_195"
         );
         dependencies = (
         );
         name = "RingBuffer";
         productName = "RingBuffer";
         productReference = "RingBuffer::RingBuffer::Product";
         productType = "com.apple.product-type.framework";
      };
      "RingBuffer::RingBuffer::Product" = {
         isa = "PBXFileReference";
         path = "RingBuffer.framework";
         sourceTree = "BUILT_PRODUCTS_DIR";
      };
      "RingBuffer::SwiftPMPackageDescription" = {
         isa = "PBXNativeTarget";
         buildConfigurationList = "OBJ_197";
         buildPhases = (
            "OBJ_200"
         );
         dependencies = (
         );
         name = "RingBufferPackageDescription";
         productName = "RingBufferPackageDescription";
         productType = "com.apple.product-type.framework";
      };
      "Rubicon::Rubicon" = {
         isa = "PBXNativeTarget";
         buildConfigurationList = "OBJ_203";
         buildPhases = (
            "OBJ_206",
            "OBJ_230"
         );
         dependencies = (
            "OBJ_232"
         );
         name = "Rubicon";
         productName = "Rubicon";
         productReference = "Rubicon::Rubicon::Product";
         productType = "com.apple.product-type.framework";
      };
      "Rubicon::Rubicon::Product" = {
         isa = "PBXFileReference";
         path = "Rubicon.framework";
         sourceTree = "BUILT_PRODUCTS_DIR";
      };
      "Rubicon::SwiftPMPackageDescription" = {
         isa = "PBXNativeTarget";
         buildConfigurationList = "OBJ_234";
         buildPhases = (
            "OBJ_237"
         );
         dependencies = (
         );
         name = "RubiconPackageDescription";
         productName = "RubiconPackageDescription";
         productType = "com.apple.product-type.framework";
      };
      "SwiftDBC::DocFixer" = {
         isa = "PBXNativeTarget";
         buildConfigurationList = "OBJ_158";
         buildPhases = (
            "OBJ_161",
            "OBJ_163"
         );
         dependencies = (
            "OBJ_165"
         );
         name = "DocFixer";
         productName = "DocFixer";
         productReference = "SwiftDBC::DocFixer::Product";
         productType = "com.apple.product-type.tool";
      };
      "SwiftDBC::DocFixer::Product" = {
         isa = "PBXFileReference";
         path = "DocFixer";
         sourceTree = "BUILT_PRODUCTS_DIR";
      };
      "SwiftDBC::SwiftDBC" = {
         isa = "PBXNativeTarget";
         buildConfigurationList = "OBJ_240";
         buildPhases = (
            "OBJ_243",
            "OBJ_263"
         );
         dependencies = (
            "OBJ_267",
            "OBJ_268",
            "OBJ_269"
         );
         name = "SwiftDBC";
         productName = "SwiftDBC";
         productReference = "SwiftDBC::SwiftDBC::Product";
         productType = "com.apple.product-type.framework";
      };
      "SwiftDBC::SwiftDBC::Product" = {
         isa = "PBXFileReference";
         path = "SwiftDBC.framework";
         sourceTree = "BUILT_PRODUCTS_DIR";
      };
      "SwiftDBC::SwiftDBCPackageTests::ProductTarget" = {
         isa = "PBXAggregateTarget";
         buildConfigurationList = "OBJ_277";
         buildPhases = (
         );
         dependencies = (
            "OBJ_280"
         );
         name = "SwiftDBCPackageTests";
         productName = "SwiftDBCPackageTests";
      };
      "SwiftDBC::SwiftDBCTests" = {
         isa = "PBXNativeTarget";
         buildConfigurationList = "OBJ_282";
         buildPhases = (
            "OBJ_285",
            "OBJ_287"
         );
         dependencies = (
            "OBJ_292",
            "OBJ_293",
            "OBJ_294",
            "OBJ_295"
         );
         name = "SwiftDBCTests";
         productName = "SwiftDBCTests";
         productReference = "SwiftDBC::SwiftDBCTests::Product";
         productType = "com.apple.product-type.bundle.unit-test";
      };
      "SwiftDBC::SwiftDBCTests::Product" = {
         isa = "PBXFileReference";
         path = "SwiftDBCTests.xctest";
         sourceTree = "BUILT_PRODUCTS_DIR";
      };
      "SwiftDBC::SwiftPMPackageDescription" = {
         isa = "PBXNativeTarget";
         buildConfigurationList = "OBJ_271";
         buildPhases = (
            "OBJ_274"
         );
         dependencies = (
         );
         name = "SwiftDBCPackageDescription";
         productName = "SwiftDBCPackageDescription";
         productType = "com.apple.product-type.framework";
      };
   };
   rootObject = "OBJ_1";
}
